
Microsoft Visual Studio Solution File, Format Version 12.00
# Visual Studio Version 17
VisualStudioVersion = 17.1.32328.378
MinimumVisualStudioVersion = 10.0.40219.1
Project("{FAE04EC0-301F-11D3-BF4B-00C04F79EFBC}") = "MVC-01", "MVC-01.csproj", "{9D4319B6-5A24-4C97-ACD6-998A11ED4B46}"
EndProject
Global
	GlobalSection(SolutionConfigurationPlatforms) = preSolution
		Debug|Any CPU = Debug|Any CPU
		Release|Any CPU = Release|Any CPU
	EndGlobalSection
	GlobalSection(ProjectConfigurationPlatforms) = postSolution
		{9D4319B6-5A24-4C97-ACD6-998A11ED4B46}.Debug|Any CPU.ActiveCfg = Debug|Any CPU
		{9D4319B6-5A24-4C97-ACD6-998A11ED4B46}.Debug|Any CPU.Build.0 = Debug|Any CPU
		{9D4319B6-5A24-4C97-ACD6-998A11ED4B46}.Release|Any CPU.ActiveCfg = Release|Any CPU
		{9D4319B6-5A24-4C97-ACD6-998A11ED4B46}.Release|Any CPU.Build.0 = Release|Any CPU
	EndGlobalSection
	GlobalSection(SolutionProperties) = preSolution
		HideSolutionNode = FALSE
	EndGlobalSection
	GlobalSection(ExtensibilityGlobals) = postSolution
		SolutionGuid = {C219BEEF-8640-4B33-8836-D1087F3FA521}
	EndGlobalSection
EndGlobal
